// !$*UTF8*$!
{
	archiveVersion = 1;
	classes = {
	};
	objectVersion = 46;
	objects = {

/* Begin PBXBuildFile section */
		B04EBC281D17E8CD00F20A3C /* main.m in Sources */ = {isa = PBXBuildFile; fileRef = B04EBC271D17E8CD00F20A3C /* main.m */; };
		B04EBC2B1D17E8CD00F20A3C /* AppDelegate.m in Sources */ = {isa = PBXBuildFile; fileRef = B04EBC2A1D17E8CD00F20A3C /* AppDelegate.m */; };
		B04EBC2E1D17E8CD00F20A3C /* ViewController.m in Sources */ = {isa = PBXBuildFile; fileRef = B04EBC2D1D17E8CD00F20A3C /* ViewController.m */; };
		B04EBC311D17E8CD00F20A3C /* Main.storyboard in Resources */ = {isa = PBXBuildFile; fileRef = B04EBC2F1D17E8CD00F20A3C /* Main.storyboard */; };
		B04EBC341D17E8CD00F20A3C /* TestSqLite3.xcdatamodeld in Sources */ = {isa = PBXBuildFile; fileRef = B04EBC321D17E8CD00F20A3C /* TestSqLite3.xcdatamodeld */; };
		B04EBC361D17E8CD00F20A3C /* Assets.xcassets in Resources */ = {isa = PBXBuildFile; fileRef = B04EBC351D17E8CD00F20A3C /* Assets.xcassets */; };
		B04EBC391D17E8CD00F20A3C /* LaunchScreen.storyboard in Resources */ = {isa = PBXBuildFile; fileRef = B04EBC371D17E8CD00F20A3C /* LaunchScreen.storyboard */; };
		B0AA223C1D19AFC600407908 /* Person.m in Sources */ = {isa = PBXBuildFile; fileRef = B0AA223B1D19AFC600407908 /* Person.m */; };
		B0B3C8011D1913F4004935CF /* libsqlite3.0.tbd in Frameworks */ = {isa = PBXBuildFile; fileRef = B0B3C8001D1913F4004935CF /* libsqlite3.0.tbd */; };
/* End PBXBuildFile section */

/* Begin PBXFileReference section */
		B04EBC231D17E8CD00F20A3C /* TestSqLite3.app */ = {isa = PBXFileReference; explicitFileType = wrapper.application; includeInIndex = 0; path = TestSqLite3.app; sourceTree = BUILT_PRODUCTS_DIR; };
		B04EBC271D17E8CD00F20A3C /* main.m */ = {isa = PBXFileReference; lastKnownFileType = sourcecode.c.objc; path = main.m; sourceTree = "<group>"; };
		B04EBC291D17E8CD00F20A3C /* AppDelegate.h */ = {isa = PBXFileReference; lastKnownFileType = sourcecode.c.h; path = AppDelegate.h; sourceTree = "<group>"; };
		B04EBC2A1D17E8CD00F20A3C /* AppDelegate.m */ = {isa = PBXFileReference; lastKnownFileType = sourcecode.c.objc; path = AppDelegate.m; sourceTree = "<group>"; };
		B04EBC2C1D17E8CD00F20A3C /* ViewController.h */ = {isa = PBXFileReference; lastKnownFileType = sourcecode.c.h; path = ViewController.h; sourceTree = "<group>"; };
		B04EBC2D1D17E8CD00F20A3C /* ViewController.m */ = {isa = PBXFileReference; lastKnownFileType = sourcecode.c.objc; path = ViewController.m; sourceTree = "<group>"; };
		B04EBC301D17E8CD00F20A3C /* Base */ = {isa = PBXFileReference; lastKnownFileType = file.storyboard; name = Base; path = Base.lproj/Main.storyboard; sourceTree = "<group>"; };
		B04EBC331D17E8CD00F20A3C /* TestSqLite3.xcdatamodel */ = {isa = PBXFileReference; lastKnownFileType = wrapper.xcdatamodel; path = TestSqLite3.xcdatamodel; sourceTree = "<group>"; };
		B04EBC351D17E8CD00F20A3C /* Assets.xcassets */ = {isa = PBXFileReference; lastKnownFileType = folder.assetcatalog; path = Assets.xcassets; sourceTree = "<group>"; };
		B04EBC381D17E8CD00F20A3C /* Base */ = {isa = PBXFileReference; lastKnownFileType = file.storyboard; name = Base; path = Base.lproj/LaunchScreen.storyboard; sourceTree = "<group>"; };
		B04EBC3A1D17E8CD00F20A3C /* Info.plist */ = {isa = PBXFileReference; lastKnownFileType = text.plist.xml; path = Info.plist; sourceTree = "<group>"; };
		B0AA223A1D19AFC600407908 /* Person.h */ = {isa = PBXFileReference; fileEncoding = 4; lastKnownFileType = sourcecode.c.h; path = Person.h; sourceTree = "<group>"; };
		B0AA223B1D19AFC600407908 /* Person.m */ = {isa = PBXFileReference; fileEncoding = 4; lastKnownFileType = sourcecode.c.objc; path = Person.m; sourceTree = "<group>"; };
		B0B3C8001D1913F4004935CF /* libsqlite3.0.tbd */ = {isa = PBXFileReference; lastKnownFileType = "sourcecode.text-based-dylib-definition"; name = libsqlite3.0.tbd; path = usr/lib/libsqlite3.0.tbd; sourceTree = SDKROOT; };
/* End PBXFileReference section */

/* Begin PBXFrameworksBuildPhase section */
		B04EBC201D17E8CD00F20A3C /* Frameworks */ = {
			isa = PBXFrameworksBuildPhase;
			buildActionMask = 2147483647;
			files = (
				B0B3C8011D1913F4004935CF /* libsqlite3.0.tbd in Frameworks */,
			);
			runOnlyForDeploymentPostprocessing = 0;
		};
/* End PBXFrameworksBuildPhase section */

/* Begin PBXGroup section */
		B04EBC1A1D17E8CD00F20A3C = {
			isa = PBXGroup;
			children = (
				B0B3C8001D1913F4004935CF /* libsqlite3.0.tbd */,
				B04EBC251D17E8CD00F20A3C /* TestSqLite3 */,
				B04EBC241D17E8CD00F20A3C /* Products */,
			);
			sourceTree = "<group>";
		};
		B04EBC241D17E8CD00F20A3C /* Products */ = {
			isa = PBXGroup;
			children = (
				B04EBC231D17E8CD00F20A3C /* TestSqLite3.app */,
			);
			name = Products;
			sourceTree = "<group>";
		};
		B04EBC251D17E8CD00F20A3C /* TestSqLite3 */ = {
			isa = PBXGroup;
			children = (
				B04EBC291D17E8CD00F20A3C /* AppDelegate.h */,
				B04EBC2A1D17E8CD00F20A3C /* AppDelegate.m */,
				B04EBC2C1D17E8CD00F20A3C /* ViewController.h */,
				B04EBC2D1D17E8CD00F20A3C /* ViewController.m */,
				B04EBC2F1D17E8CD00F20A3C /* Main.storyboard */,
				B04EBC351D17E8CD00F20A3C /* Assets.xcassets */,
				B04EBC371D17E8CD00F20A3C /* LaunchScreen.storyboard */,
				B04EBC3A1D17E8CD00F20A3C /* Info.plist */,
				B04EBC321D17E8CD00F20A3C /* TestSqLite3.xcdatamodeld */,
				B04EBC261D17E8CD00F20A3C /* Supporting Files */,
				B0AA223A1D19AFC600407908 /* Person.h */,
				B0AA223B1D19AFC600407908 /* Person.m */,
			);
			path = TestSqLite3;
			sourceTree = "<group>";
		};
		B04EBC261D17E8CD00F20A3C /* Supporting Files */ = {
			isa = PBXGroup;
			children = (
				B04EBC271D17E8CD00F20A3C /* main.m */,
			);
			name = "Supporting Files";
			sourceTree = "<group>";
		};
/* End PBXGroup section */

/* Begin PBXNativeTarget section */
		B04EBC221D17E8CD00F20A3C /* TestSqLite3 */ = {
			isa = PBXNativeTarget;
			buildConfigurationList = B04EBC3D1D17E8CD00F20A3C /* Build configuration list for PBXNativeTarget "TestSqLite3" */;
			buildPhases = (
				B04EBC1F1D17E8CD00F20A3C /* Sources */,
				B04EBC201D17E8CD00F20A3C /* Frameworks */,
				B04EBC211D17E8CD00F20A3C /* Resources */,
			);
			buildRules = (
			);
			dependencies = (
			);
			name = TestSqLite3;
			productName = TestSqLite3;
			productReference = B04EBC231D17E8CD00F20A3C /* TestSqLite3.app */;
			productType = "com.apple.product-type.application";
		};
/* End PBXNativeTarget section */

/* Begin PBXProject section */
		B04EBC1B1D17E8CD00F20A3C /* Project object */ = {
			isa = PBXProject;
			attributes = {
				LastUpgradeCheck = 0730;
				ORGANIZATIONNAME = Roy;
				TargetAttributes = {
					B04EBC221D17E8CD00F20A3C = {
						CreatedOnToolsVersion = 7.3.1;
						DevelopmentTeam = 8XLVBU7S63;
					};
				};
			};
			buildConfigurationList = B04EBC1E1D17E8CD00F20A3C /* Build configuration list for PBXProject "TestSqLite3" */;
			compatibilityVersion = "Xcode 3.2";
			developmentRegion = English;
			hasScannedForEncodings = 0;
			knownRegions = (
				en,
				Base,
			);
			mainGroup = B04EBC1A1D17E8CD00F20A3C;
			productRefGroup = B04EBC241D17E8CD00F20A3C /* Products */;
			projectDirPath = "";
			projectRoot = "";
			targets = (
				B04EBC221D17E8CD00F20A3C /* TestSqLite3 */,
			);
		};
/* End PBXProject section */

/* Begin PBXResourcesBuildPhase section */
		B04EBC211D17E8CD00F20A3C /* Resources */ = {
			isa = PBXResourcesBuildPhase;
			buildActionMask = 2147483647;
			files = (
				B04EBC391D17E8CD00F20A3C /* LaunchScreen.storyboard in Resources */,
				B04EBC361D17E8CD00F20A3C /* Assets.xcassets in Resources */,
				B04EBC311D17E8CD00F20A3C /* Main.storyboard in Resources */,
			);
			runOnlyForDeploymentPostprocessing = 0;
		};
/* End PBXResourcesBuildPhase section */

/* Begin PBXSourcesBuildPhase section */
		B04EBC1F1D17E8CD00F20A3C /* Sources */ = {
			isa = PBXSourcesBuildPhase;
			buildActionMask = 2147483647;
			files = (
				B04EBC2E1D17E8CD00F20A3C /* ViewController.m in Sources */,
				B04EBC341D17E8CD00F20A3C /* TestSqLite3.xcdatamodeld in Sources */,
				B0AA223C1D19AFC600407908 /* Person.m in Sources */,
				B04EBC2B1D17E8CD00F20A3C /* AppDelegate.m in Sources */,
				B04EBC281D17E8CD00F20A3C /* main.m in Sources */,
			);
			runOnlyForDeploymentPostprocessing = 0;
		};
/* End PBXSourcesBuildPhase section */

/* Begin PBXVariantGroup section */
		B04EBC2F1D17E8CD00F20A3C /* Main.storyboard */ = {
			isa = PBXVariantGroup;
			children = (
				B04EBC301D17E8CD00F20A3C /* Base */,
			);
			name = Main.storyboard;
			sourceTree = "<group>";
		};
		B04EBC371D17E8CD00F20A3C /* LaunchScreen.storyboard */ = {
			isa = PBXVariantGroup;
			children = (
				B04EBC381D17E8CD00F20A3C /* Base */,
			);
			name = LaunchScreen.storyboard;
			sourceTree = "<group>";
		};
/* End PBXVariantGroup section */

/* Begin XCBuildConfiguration section */
		B04EBC3B1D17E8CD00F20A3C /* Debug */ = {
			isa = XCBuildConfiguration;
			buildSettings = {
				ALWAYS_SEARCH_USER_PATHS = NO;
				CLANG_ANALYZER_NONNULL = YES;
				CLANG_CXX_LANGUAGE_STANDARD = "gnu++0x";
				CLANG_CXX_LIBRARY = "libc++";
				CLANG_ENABLE_MODULES = YES;
				CLANG_ENABLE_OBJC_ARC = YES;
				CLANG_WARN_BOOL_CONVERSION = YES;
				CLANG_WARN_CONSTANT_CONVERSION = YES;
				CLANG_WARN_DIRECT_OBJC_ISA_USAGE = YES_ERROR;
				CLANG_WARN_EMPTY_BODY = YES;
				CLANG_WARN_ENUM_CONVERSION = YES;
				CLANG_WARN_INT_CONVERSION = YES;
				CLANG_WARN_OBJC_ROOT_CLASS = YES_ERROR;
				CLANG_WARN_UNREACHABLE_CODE = YES;
				CLANG_WARN__DUPLICATE_METHOD_MATCH = YES;
				"CODE_SIGN_IDENTITY[sdk=iphoneos*]" = "iPhone Developer";
				COPY_PHASE_STRIP = NO;
				DEBUG_INFORMATION_FORMAT = dwarf;
				ENABLE_STRICT_OBJC_MSGSEND = YES;
				ENABLE_TESTABILITY = YES;
				GCC_C_LANGUAGE_STANDARD = gnu99;
				GCC_DYNAMIC_NO_PIC = NO;
				GCC_NO_COMMON_BLOCKS = YES;
				GCC_OPTIMIZATION_LEVEL = 0;
				GCC_PREPROCESSOR_DEFINITIONS = (
					"DEBUG=1",
					"$(inherited)",
				);
				GCC_WARN_64_TO_32_BIT_CONVERSION = YES;
				GCC_WARN_ABOUT_RETURN_TYPE = YES_ERROR;
				GCC_WARN_UNDECLARED_SELECTOR = YES;
				GCC_WARN_UNINITIALIZED_AUTOS = YES_AGGRESSIVE;
				GCC_WARN_UNUSED_FUNCTION = YES;
				GCC_WARN_UNUSED_VARIABLE = YES;
				IPHONEOS_DEPLOYMENT_TARGET = 9.3;
				MTL_ENABLE_DEBUG_INFO = YES;
				ONLY_ACTIVE_ARCH = YES;
				SDKROOT = iphoneos;
				TARGETED_DEVICE_FAMILY = "1,2";
			};
			name = Debug;
		};
		B04EBC3C1D17E8CD00F20A3C /* Release */ = {
			isa = XCBuildConfiguration;
			buildSettings = {
				ALWAYS_SEARCH_USER_PATHS = NO;
				CLANG_ANALYZER_NONNULL = YES;
				CLANG_CXX_LANGUAGE_STANDARD = "gnu++0x";
				CLANG_CXX_LIBRARY = "libc++";
				CLANG_ENABLE_MODULES = YES;
				CLANG_ENABLE_OBJC_ARC = YES;
				CLANG_WARN_BOOL_CONVERSION = YES;
				CLANG_WARN_CONSTANT_CONVERSION = YES;
				CLANG_WARN_DIRECT_OBJC_ISA_USAGE = YES_ERROR;
				CLANG_WARN_EMPTY_BODY = YES;
				CLANG_WARN_ENUM_CONVERSION = YES;
				CLANG_WARN_INT_CONVERSION = YES;
				CLANG_WARN_OBJC_ROOT_CLASS = YES_ERROR;
				CLANG_WARN_UNREACHABLE_CODE = YES;
				CLANG_WARN__DUPLICATE_METHOD_MATCH = YES;
				"CODE_SIGN_IDENTITY[sdk=iphoneos*]" = "iPhone Developer";
				COPY_PHASE_STRIP = NO;
				DEBUG_INFORMATION_FORMAT = "dwarf-with-dsym";
				ENABLE_NS_ASSERTIONS = NO;
				ENABLE_STRICT_OBJC_MSGSEND = YES;
				GCC_C_LANGUAGE_STANDARD = gnu99;
				GCC_NO_COMMON_BLOCKS = YES;
				GCC_WARN_64_TO_32_BIT_CONVERSION = YES;
				GCC_WARN_ABOUT_RETURN_TYPE = YES_ERROR;
				GCC_WARN_UNDECLARED_SELECTOR = YES;
				GCC_WARN_UNINITIALIZED_AUTOS = YES_AGGRESSIVE;
				GCC_WARN_UNUSED_FUNCTION = YES;
				GCC_WARN_UNUSED_VARIABLE = YES;
				IPHONEOS_DEPLOYMENT_TARGET = 9.3;
				MTL_ENABLE_DEBUG_INFO = NO;
				SDKROOT = iphoneos;
				TARGETED_DEVICE_FAMILY = "1,2";
				VALIDATE_PRODUCT = YES;
			};
			name = Release;
		};
		B04EBC3E1D17E8CD00F20A3C /* Debug */ = {
			isa = XCBuildConfiguration;
			buildSettings = {
				ASSETCATALOG_COMPILER_APPICON_NAME = AppIcon;
				INFOPLIST_FILE = TestSqLite3/Info.plist;
				IPHONEOS_DEPLOYMENT_TARGET = 8.4;
				LD_RUNPATH_SEARCH_PATHS = "$(inherited) @executable_path/Frameworks";
				PRODUCT_BUNDLE_IDENTIFIER = "--cn.Roy.TestSqLite3";
				PRODUCT_NAME = "$(TARGET_NAME)";
			};
			name = Debug;
		};
		B04EBC3F1D17E8CD00F20A3C /* Release */ = {
			isa = XCBuildConfiguration;
			buildSettings = {
				ASSETCATALOG_COMPILER_APPICON_NAME = AppIcon;
				INFOPLIST_FILE = TestSqLite3/Info.plist;
				IPHONEOS_DEPLOYMENT_TARGET = 8.4;
				LD_RUNPATH_SEARCH_PATHS = "$(inherited) @executable_path/Frameworks";
				PRODUCT_BUNDLE_IDENTIFIER = "--cn.Roy.TestSqLite3";
				PRODUCT_NAME = "$(TARGET_NAME)";
			};
			name = Release;
		};
/* End XCBuildConfiguration section */

/* Begin XCConfigurationList section */
		B04EBC1E1D17E8CD00F20A3C /* Build configuration list for PBXProject "TestSqLite3" */ = {
			isa = XCConfigurationList;
			buildConfigurations = (
				B04EBC3B1D17E8CD00F20A3C /* Debug */,
				B04EBC3C1D17E8CD00F20A3C /* Release */,
			);
			defaultConfigurationIsVisible = 0;
			defaultConfigurationName = Release;
		};
		B04EBC3D1D17E8CD00F20A3C /* Build configuration list for PBXNativeTarget "TestSqLite3" */ = {
			isa = XCConfigurationList;
			buildConfigurations = (
				B04EBC3E1D17E8CD00F20A3C /* Debug */,
				B04EBC3F1D17E8CD00F20A3C /* Release */,
			);
			defaultConfigurationIsVisible = 0;
			defaultConfigurationName = Release;
		};
/* End XCConfigurationList section */

/* Begin XCVersionGroup section */
		B04EBC321D17E8CD00F20A3C /* TestSqLite3.xcdatamodeld */ = {
			isa = XCVersionGroup;
			children = (
				B04EBC331D17E8CD00F20A3C /* TestSqLite3.xcdatamodel */,
			);
			currentVersion = B04EBC331D17E8CD00F20A3C /* TestSqLite3.xcdatamodel */;
			path = TestSqLite3.xcdatamodeld;
			sourceTree = "<group>";
			versionGroupType = wrapper.xcdatamodel;
		};
/* End XCVersionGroup section */
	};
	rootObject = B04EBC1B1D17E8CD00F20A3C /* Project object */;
}
